
Microsoft Visual Studio Solution File, Format Version 12.00
# Visual Studio Version 17
VisualStudioVersion = 17.0.31903.59
MinimumVisualStudioVersion = 10.0.40219.1
Project("{9A19103F-16F7-4668-BE54-9A1E7A4F7556}") = "API", "API\API.csproj", "{AE6D7C8D-E1D3-49BF-BA67-74F446A6552E}"
EndProject
Project("{9A19103F-16F7-4668-BE54-9A1E7A4F7556}") = "Core", "Core\Core.csproj", "{CBFDFAC0-5091-421B-8567-04D1002D1F2B}"
EndProject
Project("{9A19103F-16F7-4668-BE54-9A1E7A4F7556}") = "Infrastructure", "Infrastructure\Infrastructure.csproj", "{A22E8867-F77F-47AE-B025-9BF93114CCD9}"
EndProject
Project("{FAE04EC0-301F-11D3-BF4B-00C04F79EFBC}") = "Application", "Application\Application.csproj", "{68166ABA-CD49-4C0B-A750-3E65C872FECE}"
EndProject
Global
	GlobalSection(SolutionConfigurationPlatforms) = preSolution
		Debug|Any CPU = Debug|Any CPU
		Release|Any CPU = Release|Any CPU
	EndGlobalSection
	GlobalSection(ProjectConfigurationPlatforms) = postSolution
		{AE6D7C8D-E1D3-49BF-BA67-74F446A6552E}.Debug|Any CPU.ActiveCfg = Debug|Any CPU
		{AE6D7C8D-E1D3-49BF-BA67-74F446A6552E}.Debug|Any CPU.Build.0 = Debug|Any CPU
		{AE6D7C8D-E1D3-49BF-BA67-74F446A6552E}.Release|Any CPU.ActiveCfg = Release|Any CPU
		{AE6D7C8D-E1D3-49BF-BA67-74F446A6552E}.Release|Any CPU.Build.0 = Release|Any CPU
		{CBFDFAC0-5091-421B-8567-04D1002D1F2B}.Debug|Any CPU.ActiveCfg = Debug|Any CPU
		{CBFDFAC0-5091-421B-8567-04D1002D1F2B}.Debug|Any CPU.Build.0 = Debug|Any CPU
		{CBFDFAC0-5091-421B-8567-04D1002D1F2B}.Release|Any CPU.ActiveCfg = Release|Any CPU
		{CBFDFAC0-5091-421B-8567-04D1002D1F2B}.Release|Any CPU.Build.0 = Release|Any CPU
		{A22E8867-F77F-47AE-B025-9BF93114CCD9}.Debug|Any CPU.ActiveCfg = Debug|Any CPU
		{A22E8867-F77F-47AE-B025-9BF93114CCD9}.Debug|Any CPU.Build.0 = Debug|Any CPU
		{A22E8867-F77F-47AE-B025-9BF93114CCD9}.Release|Any CPU.ActiveCfg = Release|Any CPU
		{A22E8867-F77F-47AE-B025-9BF93114CCD9}.Release|Any CPU.Build.0 = Release|Any CPU
		{68166ABA-CD49-4C0B-A750-3E65C872FECE}.Debug|Any CPU.ActiveCfg = Debug|Any CPU
		{68166ABA-CD49-4C0B-A750-3E65C872FECE}.Debug|Any CPU.Build.0 = Debug|Any CPU
		{68166ABA-CD49-4C0B-A750-3E65C872FECE}.Release|Any CPU.ActiveCfg = Release|Any CPU
		{68166ABA-CD49-4C0B-A750-3E65C872FECE}.Release|Any CPU.Build.0 = Release|Any CPU
	EndGlobalSection
	GlobalSection(SolutionProperties) = preSolution
		HideSolutionNode = FALSE
	EndGlobalSection
	GlobalSection(ExtensibilityGlobals) = postSolution
		SolutionGuid = {3EE9BB40-848E-4067-9E9A-D4FCF29EE41F}
	EndGlobalSection
EndGlobal
